
Microsoft Visual Studio Solution File, Format Version 12.00
# Visual Studio 15
VisualStudioVersion = 15.0.27703.2035
MinimumVisualStudioVersion = 10.0.40219.1
Project("{FAE04EC0-301F-11D3-BF4B-00C04F79EFBC}") = "DataStructureStack", "DataStructureStack\DataStructureStack.csproj", "{19E98B7D-434B-4D48-8EA3-A855F9E732FE}"
EndProject
Global
	GlobalSection(SolutionConfigurationPlatforms) = preSolution
		Debug|Any CPU = Debug|Any CPU
		Release|Any CPU = Release|Any CPU
	EndGlobalSection
	GlobalSection(ProjectConfigurationPlatforms) = postSolution
		{19E98B7D-434B-4D48-8EA3-A855F9E732FE}.Debug|Any CPU.ActiveCfg = Debug|Any CPU
		{19E98B7D-434B-4D48-8EA3-A855F9E732FE}.Debug|Any CPU.Build.0 = Debug|Any CPU
		{19E98B7D-434B-4D48-8EA3-A855F9E732FE}.Release|Any CPU.ActiveCfg = Release|Any CPU
		{19E98B7D-434B-4D48-8EA3-A855F9E732FE}.Release|Any CPU.Build.0 = Release|Any CPU
	EndGlobalSection
	GlobalSection(SolutionProperties) = preSolution
		HideSolutionNode = FALSE
	EndGlobalSection
	GlobalSection(ExtensibilityGlobals) = postSolution
		SolutionGuid = {0C7F62EE-ABBD-401D-8BBC-A77AAC6EADEC}
	EndGlobalSection
EndGlobal
